// !$*UTF8*$!
{
	archiveVersion = 1;
	classes = {
	};
	objectVersion = 50;
	objects = {

/* Begin PBXBuildFile section */
		E5A6397B2689E431002265FD /* AppDelegate.swift in Sources */ = {isa = PBXBuildFile; fileRef = E5A6397A2689E431002265FD /* AppDelegate.swift */; };
		E5A6397D2689E431002265FD /* SceneDelegate.swift in Sources */ = {isa = PBXBuildFile; fileRef = E5A6397C2689E431002265FD /* SceneDelegate.swift */; };
		E5A6397F2689E431002265FD /* LoginVC.swift in Sources */ = {isa = PBXBuildFile; fileRef = E5A6397E2689E431002265FD /* LoginVC.swift */; };
		E5A639822689E431002265FD /* Main.storyboard in Resources */ = {isa = PBXBuildFile; fileRef = E5A639802689E431002265FD /* Main.storyboard */; };
		E5A639842689E435002265FD /* Assets.xcassets in Resources */ = {isa = PBXBuildFile; fileRef = E5A639832689E435002265FD /* Assets.xcassets */; };
		E5A639872689E435002265FD /* LaunchScreen.storyboard in Resources */ = {isa = PBXBuildFile; fileRef = E5A639852689E435002265FD /* LaunchScreen.storyboard */; };
		E5A639B12689E5EC002265FD /* UIUnitTestDemoUITests.swift in Sources */ = {isa = PBXBuildFile; fileRef = E5A639B02689E5EC002265FD /* UIUnitTestDemoUITests.swift */; };
		E5A639BF2689E60F002265FD /* UIUnitTestDemoTests.swift in Sources */ = {isa = PBXBuildFile; fileRef = E5A639BE2689E60F002265FD /* UIUnitTestDemoTests.swift */; };
		E5A639EA2689F702002265FD /* LoginVM.swift in Sources */ = {isa = PBXBuildFile; fileRef = E5A639E92689F702002265FD /* LoginVM.swift */; };
		E5A639EF2689F819002265FD /* HomeVC.swift in Sources */ = {isa = PBXBuildFile; fileRef = E5A639EE2689F819002265FD /* HomeVC.swift */; };
		E5A639F22689FE55002265FD /* LoginModel.swift in Sources */ = {isa = PBXBuildFile; fileRef = E5A639F12689FE55002265FD /* LoginModel.swift */; };
		E5A639F4268A2810002265FD /* HomeVM.swift in Sources */ = {isa = PBXBuildFile; fileRef = E5A639F3268A280F002265FD /* HomeVM.swift */; };
		E5A639F7268A2B67002265FD /* HomeModel.swift in Sources */ = {isa = PBXBuildFile; fileRef = E5A639F6268A2B67002265FD /* HomeModel.swift */; };
		E5A639FA268A3950002265FD /* DispatchQueue+Extension.swift in Sources */ = {isa = PBXBuildFile; fileRef = E5A639F9268A3950002265FD /* DispatchQueue+Extension.swift */; };
		E5A639FE268A3B6C002265FD /* HomeTableViewCell.swift in Sources */ = {isa = PBXBuildFile; fileRef = E5A639FC268A3B6C002265FD /* HomeTableViewCell.swift */; };
		E5A639FF268A3B6C002265FD /* HomeTableViewCell.xib in Resources */ = {isa = PBXBuildFile; fileRef = E5A639FD268A3B6C002265FD /* HomeTableViewCell.xib */; };
/* End PBXBuildFile section */

/* Begin PBXContainerItemProxy section */
		E5A639B32689E5EC002265FD /* PBXContainerItemProxy */ = {
			isa = PBXContainerItemProxy;
			containerPortal = E5A6396F2689E431002265FD /* Project object */;
			proxyType = 1;
			remoteGlobalIDString = E5A639762689E431002265FD;
			remoteInfo = UIUnitTestDemo;
		};
		E5A639C12689E60F002265FD /* PBXContainerItemProxy */ = {
			isa = PBXContainerItemProxy;
			containerPortal = E5A6396F2689E431002265FD /* Project object */;
			proxyType = 1;
			remoteGlobalIDString = E5A639762689E431002265FD;
			remoteInfo = UIUnitTestDemo;
		};
/* End PBXContainerItemProxy section */

/* Begin PBXFileReference section */
		E5A639772689E431002265FD /* UIUnitTestDemo.app */ = {isa = PBXFileReference; explicitFileType = wrapper.application; includeInIndex = 0; path = UIUnitTestDemo.app; sourceTree = BUILT_PRODUCTS_DIR; };
		E5A6397A2689E431002265FD /* AppDelegate.swift */ = {isa = PBXFileReference; lastKnownFileType = sourcecode.swift; path = AppDelegate.swift; sourceTree = "<group>"; };
		E5A6397C2689E431002265FD /* SceneDelegate.swift */ = {isa = PBXFileReference; lastKnownFileType = sourcecode.swift; path = SceneDelegate.swift; sourceTree = "<group>"; };
		E5A6397E2689E431002265FD /* LoginVC.swift */ = {isa = PBXFileReference; lastKnownFileType = sourcecode.swift; path = LoginVC.swift; sourceTree = "<group>"; };
		E5A639812689E431002265FD /* Base */ = {isa = PBXFileReference; lastKnownFileType = file.storyboard; name = Base; path = Base.lproj/Main.storyboard; sourceTree = "<group>"; };
		E5A639832689E435002265FD /* Assets.xcassets */ = {isa = PBXFileReference; lastKnownFileType = folder.assetcatalog; path = Assets.xcassets; sourceTree = "<group>"; };
		E5A639862689E435002265FD /* Base */ = {isa = PBXFileReference; lastKnownFileType = file.storyboard; name = Base; path = Base.lproj/LaunchScreen.storyboard; sourceTree = "<group>"; };
		E5A639882689E435002265FD /* Info.plist */ = {isa = PBXFileReference; lastKnownFileType = text.plist.xml; path = Info.plist; sourceTree = "<group>"; };
		E5A639AE2689E5EC002265FD /* UIUnitTestDemoUITests.xctest */ = {isa = PBXFileReference; explicitFileType = wrapper.cfbundle; includeInIndex = 0; path = UIUnitTestDemoUITests.xctest; sourceTree = BUILT_PRODUCTS_DIR; };
		E5A639B02689E5EC002265FD /* UIUnitTestDemoUITests.swift */ = {isa = PBXFileReference; lastKnownFileType = sourcecode.swift; path = UIUnitTestDemoUITests.swift; sourceTree = "<group>"; };
		E5A639B22689E5EC002265FD /* Info.plist */ = {isa = PBXFileReference; lastKnownFileType = text.plist.xml; path = Info.plist; sourceTree = "<group>"; };
		E5A639BC2689E60F002265FD /* UIUnitTestDemoTests.xctest */ = {isa = PBXFileReference; explicitFileType = wrapper.cfbundle; includeInIndex = 0; path = UIUnitTestDemoTests.xctest; sourceTree = BUILT_PRODUCTS_DIR; };
		E5A639BE2689E60F002265FD /* UIUnitTestDemoTests.swift */ = {isa = PBXFileReference; lastKnownFileType = sourcecode.swift; path = UIUnitTestDemoTests.swift; sourceTree = "<group>"; };
		E5A639C02689E60F002265FD /* Info.plist */ = {isa = PBXFileReference; lastKnownFileType = text.plist.xml; path = Info.plist; sourceTree = "<group>"; };
		E5A639E92689F702002265FD /* LoginVM.swift */ = {isa = PBXFileReference; lastKnownFileType = sourcecode.swift; name = LoginVM.swift; path = UIUnitTestDemo/Services/LoginVM.swift; sourceTree = SOURCE_ROOT; };
		E5A639EE2689F819002265FD /* HomeVC.swift */ = {isa = PBXFileReference; lastKnownFileType = sourcecode.swift; path = HomeVC.swift; sourceTree = "<group>"; };
		E5A639F12689FE55002265FD /* LoginModel.swift */ = {isa = PBXFileReference; lastKnownFileType = sourcecode.swift; path = LoginModel.swift; sourceTree = "<group>"; };
		E5A639F3268A280F002265FD /* HomeVM.swift */ = {isa = PBXFileReference; lastKnownFileType = sourcecode.swift; path = HomeVM.swift; sourceTree = "<group>"; };
		E5A639F6268A2B67002265FD /* HomeModel.swift */ = {isa = PBXFileReference; lastKnownFileType = sourcecode.swift; path = HomeModel.swift; sourceTree = "<group>"; };
		E5A639F9268A3950002265FD /* DispatchQueue+Extension.swift */ = {isa = PBXFileReference; lastKnownFileType = sourcecode.swift; path = "DispatchQueue+Extension.swift"; sourceTree = "<group>"; };
		E5A639FC268A3B6C002265FD /* HomeTableViewCell.swift */ = {isa = PBXFileReference; lastKnownFileType = sourcecode.swift; path = HomeTableViewCell.swift; sourceTree = "<group>"; };
		E5A639FD268A3B6C002265FD /* HomeTableViewCell.xib */ = {isa = PBXFileReference; lastKnownFileType = file.xib; path = HomeTableViewCell.xib; sourceTree = "<group>"; };
/* End PBXFileReference section */

/* Begin PBXFrameworksBuildPhase section */
		E5A639742689E431002265FD /* Frameworks */ = {
			isa = PBXFrameworksBuildPhase;
			buildActionMask = 2147483647;
			files = (
			);
			runOnlyForDeploymentPostprocessing = 0;
		};
		E5A639AB2689E5EC002265FD /* Frameworks */ = {
			isa = PBXFrameworksBuildPhase;
			buildActionMask = 2147483647;
			files = (
			);
			runOnlyForDeploymentPostprocessing = 0;
		};
		E5A639B92689E60F002265FD /* Frameworks */ = {
			isa = PBXFrameworksBuildPhase;
			buildActionMask = 2147483647;
			files = (
			);
			runOnlyForDeploymentPostprocessing = 0;
		};
/* End PBXFrameworksBuildPhase section */

/* Begin PBXGroup section */
		E5A6396E2689E431002265FD = {
			isa = PBXGroup;
			children = (
				E5A639792689E431002265FD /* UIUnitTestDemo */,
				E5A639AF2689E5EC002265FD /* UIUnitTestDemoUITests */,
				E5A639BD2689E60F002265FD /* UIUnitTestDemoTests */,
				E5A639782689E431002265FD /* Products */,
			);
			sourceTree = "<group>";
		};
		E5A639782689E431002265FD /* Products */ = {
			isa = PBXGroup;
			children = (
				E5A639772689E431002265FD /* UIUnitTestDemo.app */,
				E5A639AE2689E5EC002265FD /* UIUnitTestDemoUITests.xctest */,
				E5A639BC2689E60F002265FD /* UIUnitTestDemoTests.xctest */,
			);
			name = Products;
			sourceTree = "<group>";
		};
		E5A639792689E431002265FD /* UIUnitTestDemo */ = {
			isa = PBXGroup;
			children = (
				E5A639F8268A3935002265FD /* Extensions */,
				E5A6397A2689E431002265FD /* AppDelegate.swift */,
				E5A6397C2689E431002265FD /* SceneDelegate.swift */,
				E5A639E62689F3CC002265FD /* Features */,
				E5A639802689E431002265FD /* Main.storyboard */,
				E5A639832689E435002265FD /* Assets.xcassets */,
				E5A639852689E435002265FD /* LaunchScreen.storyboard */,
				E5A639882689E435002265FD /* Info.plist */,
			);
			path = UIUnitTestDemo;
			sourceTree = "<group>";
		};
		E5A639AF2689E5EC002265FD /* UIUnitTestDemoUITests */ = {
			isa = PBXGroup;
			children = (
				E5A639B02689E5EC002265FD /* UIUnitTestDemoUITests.swift */,
				E5A639B22689E5EC002265FD /* Info.plist */,
			);
			path = UIUnitTestDemoUITests;
			sourceTree = "<group>";
		};
		E5A639BD2689E60F002265FD /* UIUnitTestDemoTests */ = {
			isa = PBXGroup;
			children = (
				E5A639BE2689E60F002265FD /* UIUnitTestDemoTests.swift */,
				E5A639C02689E60F002265FD /* Info.plist */,
			);
			path = UIUnitTestDemoTests;
			sourceTree = "<group>";
		};
		E5A639E42689F3BD002265FD /* View Controller */ = {
			isa = PBXGroup;
			children = (
				E5A6397E2689E431002265FD /* LoginVC.swift */,
			);
			path = "View Controller";
			sourceTree = "<group>";
		};
		E5A639E52689F3C7002265FD /* Login */ = {
			isa = PBXGroup;
			children = (
				E5A639F02689FE45002265FD /* Model */,
				E5A639E82689F6F3002265FD /* View Model */,
				E5A639E42689F3BD002265FD /* View Controller */,
			);
			path = Login;
			sourceTree = "<group>";
		};
		E5A639E62689F3CC002265FD /* Features */ = {
			isa = PBXGroup;
			children = (
				E5A639EB2689F7E0002265FD /* Home */,
				E5A639E52689F3C7002265FD /* Login */,
			);
			path = Features;
			sourceTree = "<group>";
		};
		E5A639E82689F6F3002265FD /* View Model */ = {
			isa = PBXGroup;
			children = (
				E5A639E92689F702002265FD /* LoginVM.swift */,
			);
			path = "View Model";
			sourceTree = "<group>";
		};
		E5A639EB2689F7E0002265FD /* Home */ = {
			isa = PBXGroup;
			children = (
				E5A639F5268A2B5C002265FD /* Model */,
				E5A639ED2689F804002265FD /* View Model */,
				E5A639EC2689F7EA002265FD /* View Controller */,
			);
			path = Home;
			sourceTree = "<group>";
		};
		E5A639EC2689F7EA002265FD /* View Controller */ = {
			isa = PBXGroup;
			children = (
				E5A639FB268A3B53002265FD /* Cell */,
				E5A639EE2689F819002265FD /* HomeVC.swift */,
			);
			path = "View Controller";
			sourceTree = "<group>";
		};
		E5A639ED2689F804002265FD /* View Model */ = {
			isa = PBXGroup;
			children = (
				E5A639F3268A280F002265FD /* HomeVM.swift */,
			);
			path = "View Model";
			sourceTree = "<group>";
		};
		E5A639F02689FE45002265FD /* Model */ = {
			isa = PBXGroup;
			children = (
				E5A639F12689FE55002265FD /* LoginModel.swift */,
			);
			path = Model;
			sourceTree = "<group>";
		};
		E5A639F5268A2B5C002265FD /* Model */ = {
			isa = PBXGroup;
			children = (
				E5A639F6268A2B67002265FD /* HomeModel.swift */,
			);
			path = Model;
			sourceTree = "<group>";
		};
		E5A639F8268A3935002265FD /* Extensions */ = {
			isa = PBXGroup;
			children = (
				E5A639F9268A3950002265FD /* DispatchQueue+Extension.swift */,
			);
			path = Extensions;
			sourceTree = "<group>";
		};
		E5A639FB268A3B53002265FD /* Cell */ = {
			isa = PBXGroup;
			children = (
				E5A639FC268A3B6C002265FD /* HomeTableViewCell.swift */,
				E5A639FD268A3B6C002265FD /* HomeTableViewCell.xib */,
			);
			path = Cell;
			sourceTree = "<group>";
		};
/* End PBXGroup section */

/* Begin PBXNativeTarget section */
		E5A639762689E431002265FD /* UIUnitTestDemo */ = {
			isa = PBXNativeTarget;
			buildConfigurationList = E5A6398B2689E435002265FD /* Build configuration list for PBXNativeTarget "UIUnitTestDemo" */;
			buildPhases = (
				E5A639732689E431002265FD /* Sources */,
				E5A639742689E431002265FD /* Frameworks */,
				E5A639752689E431002265FD /* Resources */,
			);
			buildRules = (
			);
			dependencies = (
			);
			name = UIUnitTestDemo;
			productName = UIUnitTestDemo;
			productReference = E5A639772689E431002265FD /* UIUnitTestDemo.app */;
			productType = "com.apple.product-type.application";
		};
		E5A639AD2689E5EC002265FD /* UIUnitTestDemoUITests */ = {
			isa = PBXNativeTarget;
			buildConfigurationList = E5A639B72689E5EC002265FD /* Build configuration list for PBXNativeTarget "UIUnitTestDemoUITests" */;
			buildPhases = (
				E5A639AA2689E5EC002265FD /* Sources */,
				E5A639AB2689E5EC002265FD /* Frameworks */,
				E5A639AC2689E5EC002265FD /* Resources */,
			);
			buildRules = (
			);
			dependencies = (
				E5A639B42689E5EC002265FD /* PBXTargetDependency */,
			);
			name = UIUnitTestDemoUITests;
			productName = UIUnitTestDemoUITests;
			productReference = E5A639AE2689E5EC002265FD /* UIUnitTestDemoUITests.xctest */;
			productType = "com.apple.product-type.bundle.ui-testing";
		};
		E5A639BB2689E60F002265FD /* UIUnitTestDemoTests */ = {
			isa = PBXNativeTarget;
			buildConfigurationList = E5A639C32689E60F002265FD /* Build configuration list for PBXNativeTarget "UIUnitTestDemoTests" */;
			buildPhases = (
				E5A639B82689E60F002265FD /* Sources */,
				E5A639B92689E60F002265FD /* Frameworks */,
				E5A639BA2689E60F002265FD /* Resources */,
			);
			buildRules = (
			);
			dependencies = (
				E5A639C22689E60F002265FD /* PBXTargetDependency */,
			);
			name = UIUnitTestDemoTests;
			productName = UIUnitTestDemoTests;
			productReference = E5A639BC2689E60F002265FD /* UIUnitTestDemoTests.xctest */;
			productType = "com.apple.product-type.bundle.unit-test";
		};
/* End PBXNativeTarget section */

/* Begin PBXProject section */
		E5A6396F2689E431002265FD /* Project object */ = {
			isa = PBXProject;
			attributes = {
				LastSwiftUpdateCheck = 1250;
				LastUpgradeCheck = 1250;
				TargetAttributes = {
					E5A639762689E431002265FD = {
						CreatedOnToolsVersion = 12.5.1;
					};
					E5A639AD2689E5EC002265FD = {
						CreatedOnToolsVersion = 12.5.1;
						TestTargetID = E5A639762689E431002265FD;
					};
					E5A639BB2689E60F002265FD = {
						CreatedOnToolsVersion = 12.5.1;
						TestTargetID = E5A639762689E431002265FD;
					};
				};
			};
			buildConfigurationList = E5A639722689E431002265FD /* Build configuration list for PBXProject "UIUnitTestDemo" */;
			compatibilityVersion = "Xcode 9.3";
			developmentRegion = en;
			hasScannedForEncodings = 0;
			knownRegions = (
				en,
				Base,
			);
			mainGroup = E5A6396E2689E431002265FD;
			productRefGroup = E5A639782689E431002265FD /* Products */;
			projectDirPath = "";
			projectRoot = "";
			targets = (
				E5A639762689E431002265FD /* UIUnitTestDemo */,
				E5A639AD2689E5EC002265FD /* UIUnitTestDemoUITests */,
				E5A639BB2689E60F002265FD /* UIUnitTestDemoTests */,
			);
		};
/* End PBXProject section */

/* Begin PBXResourcesBuildPhase section */
		E5A639752689E431002265FD /* Resources */ = {
			isa = PBXResourcesBuildPhase;
			buildActionMask = 2147483647;
			files = (
				E5A639872689E435002265FD /* LaunchScreen.storyboard in Resources */,
				E5A639842689E435002265FD /* Assets.xcassets in Resources */,
				E5A639FF268A3B6C002265FD /* HomeTableViewCell.xib in Resources */,
				E5A639822689E431002265FD /* Main.storyboard in Resources */,
			);
			runOnlyForDeploymentPostprocessing = 0;
		};
		E5A639AC2689E5EC002265FD /* Resources */ = {
			isa = PBXResourcesBuildPhase;
			buildActionMask = 2147483647;
			files = (
			);
			runOnlyForDeploymentPostprocessing = 0;
		};
		E5A639BA2689E60F002265FD /* Resources */ = {
			isa = PBXResourcesBuildPhase;
			buildActionMask = 2147483647;
			files = (
			);
			runOnlyForDeploymentPostprocessing = 0;
		};
/* End PBXResourcesBuildPhase section */

/* Begin PBXSourcesBuildPhase section */
		E5A639732689E431002265FD /* Sources */ = {
			isa = PBXSourcesBuildPhase;
			buildActionMask = 2147483647;
			files = (
				E5A639EA2689F702002265FD /* LoginVM.swift in Sources */,
				E5A639F22689FE55002265FD /* LoginModel.swift in Sources */,
				E5A639F4268A2810002265FD /* HomeVM.swift in Sources */,
				E5A639EF2689F819002265FD /* HomeVC.swift in Sources */,
				E5A639FA268A3950002265FD /* DispatchQueue+Extension.swift in Sources */,
				E5A639F7268A2B67002265FD /* HomeModel.swift in Sources */,
				E5A639FE268A3B6C002265FD /* HomeTableViewCell.swift in Sources */,
				E5A6397F2689E431002265FD /* LoginVC.swift in Sources */,
				E5A6397B2689E431002265FD /* AppDelegate.swift in Sources */,
				E5A6397D2689E431002265FD /* SceneDelegate.swift in Sources */,
			);
			runOnlyForDeploymentPostprocessing = 0;
		};
		E5A639AA2689E5EC002265FD /* Sources */ = {
			isa = PBXSourcesBuildPhase;
			buildActionMask = 2147483647;
			files = (
				E5A639B12689E5EC002265FD /* UIUnitTestDemoUITests.swift in Sources */,
			);
			runOnlyForDeploymentPostprocessing = 0;
		};
		E5A639B82689E60F002265FD /* Sources */ = {
			isa = PBXSourcesBuildPhase;
			buildActionMask = 2147483647;
			files = (
				E5A639BF2689E60F002265FD /* UIUnitTestDemoTests.swift in Sources */,
			);
			runOnlyForDeploymentPostprocessing = 0;
		};
/* End PBXSourcesBuildPhase section */

/* Begin PBXTargetDependency section */
		E5A639B42689E5EC002265FD /* PBXTargetDependency */ = {
			isa = PBXTargetDependency;
			target = E5A639762689E431002265FD /* UIUnitTestDemo */;
			targetProxy = E5A639B32689E5EC002265FD /* PBXContainerItemProxy */;
		};
		E5A639C22689E60F002265FD /* PBXTargetDependency */ = {
			isa = PBXTargetDependency;
			target = E5A639762689E431002265FD /* UIUnitTestDemo */;
			targetProxy = E5A639C12689E60F002265FD /* PBXContainerItemProxy */;
		};
/* End PBXTargetDependency section */

/* Begin PBXVariantGroup section */
		E5A639802689E431002265FD /* Main.storyboard */ = {
			isa = PBXVariantGroup;
			children = (
				E5A639812689E431002265FD /* Base */,
			);
			name = Main.storyboard;
			sourceTree = "<group>";
		};
		E5A639852689E435002265FD /* LaunchScreen.storyboard */ = {
			isa = PBXVariantGroup;
			children = (
				E5A639862689E435002265FD /* Base */,
			);
			name = LaunchScreen.storyboard;
			sourceTree = "<group>";
		};
/* End PBXVariantGroup section */

/* Begin XCBuildConfiguration section */
		E5A639892689E435002265FD /* Debug */ = {
			isa = XCBuildConfiguration;
			buildSettings = {
				ALWAYS_SEARCH_USER_PATHS = NO;
				CLANG_ANALYZER_NONNULL = YES;
				CLANG_ANALYZER_NUMBER_OBJECT_CONVERSION = YES_AGGRESSIVE;
				CLANG_CXX_LANGUAGE_STANDARD = "gnu++14";
				CLANG_CXX_LIBRARY = "libc++";
				CLANG_ENABLE_MODULES = YES;
				CLANG_ENABLE_OBJC_ARC = YES;
				CLANG_ENABLE_OBJC_WEAK = YES;
				CLANG_WARN_BLOCK_CAPTURE_AUTORELEASING = YES;
				CLANG_WARN_BOOL_CONVERSION = YES;
				CLANG_WARN_COMMA = YES;
				CLANG_WARN_CONSTANT_CONVERSION = YES;
				CLANG_WARN_DEPRECATED_OBJC_IMPLEMENTATIONS = YES;
				CLANG_WARN_DIRECT_OBJC_ISA_USAGE = YES_ERROR;
				CLANG_WARN_DOCUMENTATION_COMMENTS = YES;
				CLANG_WARN_EMPTY_BODY = YES;
				CLANG_WARN_ENUM_CONVERSION = YES;
				CLANG_WARN_INFINITE_RECURSION = YES;
				CLANG_WARN_INT_CONVERSION = YES;
				CLANG_WARN_NON_LITERAL_NULL_CONVERSION = YES;
				CLANG_WARN_OBJC_IMPLICIT_RETAIN_SELF = YES;
				CLANG_WARN_OBJC_LITERAL_CONVERSION = YES;
				CLANG_WARN_OBJC_ROOT_CLASS = YES_ERROR;
				CLANG_WARN_QUOTED_INCLUDE_IN_FRAMEWORK_HEADER = YES;
				CLANG_WARN_RANGE_LOOP_ANALYSIS = YES;
				CLANG_WARN_STRICT_PROTOTYPES = YES;
				CLANG_WARN_SUSPICIOUS_MOVE = YES;
				CLANG_WARN_UNGUARDED_AVAILABILITY = YES_AGGRESSIVE;
				CLANG_WARN_UNREACHABLE_CODE = YES;
				CLANG_WARN__DUPLICATE_METHOD_MATCH = YES;
				COPY_PHASE_STRIP = NO;
				DEBUG_INFORMATION_FORMAT = dwarf;
				ENABLE_STRICT_OBJC_MSGSEND = YES;
				ENABLE_TESTABILITY = YES;
				GCC_C_LANGUAGE_STANDARD = gnu11;
				GCC_DYNAMIC_NO_PIC = NO;
				GCC_NO_COMMON_BLOCKS = YES;
				GCC_OPTIMIZATION_LEVEL = 0;
				GCC_PREPROCESSOR_DEFINITIONS = (
					"DEBUG=1",
					"$(inherited)",
				);
				GCC_WARN_64_TO_32_BIT_CONVERSION = YES;
				GCC_WARN_ABOUT_RETURN_TYPE = YES_ERROR;
				GCC_WARN_UNDECLARED_SELECTOR = YES;
				GCC_WARN_UNINITIALIZED_AUTOS = YES_AGGRESSIVE;
				GCC_WARN_UNUSED_FUNCTION = YES;
				GCC_WARN_UNUSED_VARIABLE = YES;
				IPHONEOS_DEPLOYMENT_TARGET = 14.5;
				MTL_ENABLE_DEBUG_INFO = INCLUDE_SOURCE;
				MTL_FAST_MATH = YES;
				ONLY_ACTIVE_ARCH = YES;
				SDKROOT = iphoneos;
				SWIFT_ACTIVE_COMPILATION_CONDITIONS = DEBUG;
				SWIFT_OPTIMIZATION_LEVEL = "-Onone";
			};
			name = Debug;
		};
		E5A6398A2689E435002265FD /* Release */ = {
			isa = XCBuildConfiguration;
			buildSettings = {
				ALWAYS_SEARCH_USER_PATHS = NO;
				CLANG_ANALYZER_NONNULL = YES;
				CLANG_ANALYZER_NUMBER_OBJECT_CONVERSION = YES_AGGRESSIVE;
				CLANG_CXX_LANGUAGE_STANDARD = "gnu++14";
				CLANG_CXX_LIBRARY = "libc++";
				CLANG_ENABLE_MODULES = YES;
				CLANG_ENABLE_OBJC_ARC = YES;
				CLANG_ENABLE_OBJC_WEAK = YES;
				CLANG_WARN_BLOCK_CAPTURE_AUTORELEASING = YES;
				CLANG_WARN_BOOL_CONVERSION = YES;
				CLANG_WARN_COMMA = YES;
				CLANG_WARN_CONSTANT_CONVERSION = YES;
				CLANG_WARN_DEPRECATED_OBJC_IMPLEMENTATIONS = YES;
				CLANG_WARN_DIRECT_OBJC_ISA_USAGE = YES_ERROR;
				CLANG_WARN_DOCUMENTATION_COMMENTS = YES;
				CLANG_WARN_EMPTY_BODY = YES;
				CLANG_WARN_ENUM_CONVERSION = YES;
				CLANG_WARN_INFINITE_RECURSION = YES;
				CLANG_WARN_INT_CONVERSION = YES;
				CLANG_WARN_NON_LITERAL_NULL_CONVERSION = YES;
				CLANG_WARN_OBJC_IMPLICIT_RETAIN_SELF = YES;
				CLANG_WARN_OBJC_LITERAL_CONVERSION = YES;
				CLANG_WARN_OBJC_ROOT_CLASS = YES_ERROR;
				CLANG_WARN_QUOTED_INCLUDE_IN_FRAMEWORK_HEADER = YES;
				CLANG_WARN_RANGE_LOOP_ANALYSIS = YES;
				CLANG_WARN_STRICT_PROTOTYPES = YES;
				CLANG_WARN_SUSPICIOUS_MOVE = YES;
				CLANG_WARN_UNGUARDED_AVAILABILITY = YES_AGGRESSIVE;
				CLANG_WARN_UNREACHABLE_CODE = YES;
				CLANG_WARN__DUPLICATE_METHOD_MATCH = YES;
				COPY_PHASE_STRIP = NO;
				DEBUG_INFORMATION_FORMAT = "dwarf-with-dsym";
				ENABLE_NS_ASSERTIONS = NO;
				ENABLE_STRICT_OBJC_MSGSEND = YES;
				GCC_C_LANGUAGE_STANDARD = gnu11;
				GCC_NO_COMMON_BLOCKS = YES;
				GCC_WARN_64_TO_32_BIT_CONVERSION = YES;
				GCC_WARN_ABOUT_RETURN_TYPE = YES_ERROR;
				GCC_WARN_UNDECLARED_SELECTOR = YES;
				GCC_WARN_UNINITIALIZED_AUTOS = YES_AGGRESSIVE;
				GCC_WARN_UNUSED_FUNCTION = YES;
				GCC_WARN_UNUSED_VARIABLE = YES;
				IPHONEOS_DEPLOYMENT_TARGET = 14.5;
				MTL_ENABLE_DEBUG_INFO = NO;
				MTL_FAST_MATH = YES;
				SDKROOT = iphoneos;
				SWIFT_COMPILATION_MODE = wholemodule;
				SWIFT_OPTIMIZATION_LEVEL = "-O";
				VALIDATE_PRODUCT = YES;
			};
			name = Release;
		};
		E5A6398C2689E435002265FD /* Debug */ = {
			isa = XCBuildConfiguration;
			buildSettings = {
				ASSETCATALOG_COMPILER_APPICON_NAME = AppIcon;
				ASSETCATALOG_COMPILER_GLOBAL_ACCENT_COLOR_NAME = AccentColor;
				CODE_SIGN_STYLE = Automatic;
				DEVELOPMENT_TEAM = 2C86JD592M;
				INFOPLIST_FILE = UIUnitTestDemo/Info.plist;
				LD_RUNPATH_SEARCH_PATHS = (
					"$(inherited)",
					"@executable_path/Frameworks",
				);
				PRODUCT_BUNDLE_IDENTIFIER = sa.net.ibtikar.UIUnitTestDemo;
				PRODUCT_NAME = "$(TARGET_NAME)";
				SWIFT_VERSION = 5.0;
				TARGETED_DEVICE_FAMILY = "1,2";
			};
			name = Debug;
		};
		E5A6398D2689E435002265FD /* Release */ = {
			isa = XCBuildConfiguration;
			buildSettings = {
				ASSETCATALOG_COMPILER_APPICON_NAME = AppIcon;
				ASSETCATALOG_COMPILER_GLOBAL_ACCENT_COLOR_NAME = AccentColor;
				CODE_SIGN_STYLE = Automatic;
				DEVELOPMENT_TEAM = 2C86JD592M;
				INFOPLIST_FILE = UIUnitTestDemo/Info.plist;
				LD_RUNPATH_SEARCH_PATHS = (
					"$(inherited)",
					"@executable_path/Frameworks",
				);
				PRODUCT_BUNDLE_IDENTIFIER = sa.net.ibtikar.UIUnitTestDemo;
				PRODUCT_NAME = "$(TARGET_NAME)";
				SWIFT_VERSION = 5.0;
				TARGETED_DEVICE_FAMILY = "1,2";
			};
			name = Release;
		};
		E5A639B52689E5EC002265FD /* Debug */ = {
			isa = XCBuildConfiguration;
			buildSettings = {
				CODE_SIGN_STYLE = Automatic;
				DEVELOPMENT_TEAM = 2C86JD592M;
				INFOPLIST_FILE = UIUnitTestDemoUITests/Info.plist;
				LD_RUNPATH_SEARCH_PATHS = (
					"$(inherited)",
					"@executable_path/Frameworks",
					"@loader_path/Frameworks",
				);
				PRODUCT_BUNDLE_IDENTIFIER = sa.net.ibtikar.UIUnitTestDemoUITests;
				PRODUCT_NAME = "$(TARGET_NAME)";
				SWIFT_VERSION = 5.0;
				TARGETED_DEVICE_FAMILY = "1,2";
				TEST_TARGET_NAME = UIUnitTestDemo;
			};
			name = Debug;
		};
		E5A639B62689E5EC002265FD /* Release */ = {
			isa = XCBuildConfiguration;
			buildSettings = {
				CODE_SIGN_STYLE = Automatic;
				DEVELOPMENT_TEAM = 2C86JD592M;
				INFOPLIST_FILE = UIUnitTestDemoUITests/Info.plist;
				LD_RUNPATH_SEARCH_PATHS = (
					"$(inherited)",
					"@executable_path/Frameworks",
					"@loader_path/Frameworks",
				);
				PRODUCT_BUNDLE_IDENTIFIER = sa.net.ibtikar.UIUnitTestDemoUITests;
				PRODUCT_NAME = "$(TARGET_NAME)";
				SWIFT_VERSION = 5.0;
				TARGETED_DEVICE_FAMILY = "1,2";
				TEST_TARGET_NAME = UIUnitTestDemo;
			};
			name = Release;
		};
		E5A639C42689E60F002265FD /* Debug */ = {
			isa = XCBuildConfiguration;
			buildSettings = {
				BUNDLE_LOADER = "$(TEST_HOST)";
				CODE_SIGN_STYLE = Automatic;
				DEVELOPMENT_TEAM = 2C86JD592M;
				INFOPLIST_FILE = UIUnitTestDemoTests/Info.plist;
				LD_RUNPATH_SEARCH_PATHS = (
					"$(inherited)",
					"@executable_path/Frameworks",
					"@loader_path/Frameworks",
				);
				PRODUCT_BUNDLE_IDENTIFIER = sa.net.ibtikar.UIUnitTestDemoTests;
				PRODUCT_NAME = "$(TARGET_NAME)";
				SWIFT_VERSION = 5.0;
				TARGETED_DEVICE_FAMILY = "1,2";
				TEST_HOST = "$(BUILT_PRODUCTS_DIR)/UIUnitTestDemo.app/UIUnitTestDemo";
			};
			name = Debug;
		};
		E5A639C52689E60F002265FD /* Release */ = {
			isa = XCBuildConfiguration;
			buildSettings = {
				BUNDLE_LOADER = "$(TEST_HOST)";
				CODE_SIGN_STYLE = Automatic;
				DEVELOPMENT_TEAM = 2C86JD592M;
				INFOPLIST_FILE = UIUnitTestDemoTests/Info.plist;
				LD_RUNPATH_SEARCH_PATHS = (
					"$(inherited)",
					"@executable_path/Frameworks",
					"@loader_path/Frameworks",
				);
				PRODUCT_BUNDLE_IDENTIFIER = sa.net.ibtikar.UIUnitTestDemoTests;
				PRODUCT_NAME = "$(TARGET_NAME)";
				SWIFT_VERSION = 5.0;
				TARGETED_DEVICE_FAMILY = "1,2";
				TEST_HOST = "$(BUILT_PRODUCTS_DIR)/UIUnitTestDemo.app/UIUnitTestDemo";
			};
			name = Release;
		};
/* End XCBuildConfiguration section */

/* Begin XCConfigurationList section */
		E5A639722689E431002265FD /* Build configuration list for PBXProject "UIUnitTestDemo" */ = {
			isa = XCConfigurationList;
			buildConfigurations = (
				E5A639892689E435002265FD /* Debug */,
				E5A6398A2689E435002265FD /* Release */,
			);
			defaultConfigurationIsVisible = 0;
			defaultConfigurationName = Release;
		};
		E5A6398B2689E435002265FD /* Build configuration list for PBXNativeTarget "UIUnitTestDemo" */ = {
			isa = XCConfigurationList;
			buildConfigurations = (
				E5A6398C2689E435002265FD /* Debug */,
				E5A6398D2689E435002265FD /* Release */,
			);
			defaultConfigurationIsVisible = 0;
			defaultConfigurationName = Release;
		};
		E5A639B72689E5EC002265FD /* Build configuration list for PBXNativeTarget "UIUnitTestDemoUITests" */ = {
			isa = XCConfigurationList;
			buildConfigurations = (
				E5A639B52689E5EC002265FD /* Debug */,
				E5A639B62689E5EC002265FD /* Release */,
			);
			defaultConfigurationIsVisible = 0;
			defaultConfigurationName = Release;
		};
		E5A639C32689E60F002265FD /* Build configuration list for PBXNativeTarget "UIUnitTestDemoTests" */ = {
			isa = XCConfigurationList;
			buildConfigurations = (
				E5A639C42689E60F002265FD /* Debug */,
				E5A639C52689E60F002265FD /* Release */,
			);
			defaultConfigurationIsVisible = 0;
			defaultConfigurationName = Release;
		};
/* End XCConfigurationList section */
	};
	rootObject = E5A6396F2689E431002265FD /* Project object */;
}
